github.com/jamesvrooney/leitrim v1.0.3 h1:vrOieaK9EzOmoEXPYhThxs4Wb9C6Kv5/M1zXkORrk/M=
github.com/jamesvrooney/leitrim v1.0.3/go.mod h1:+3UybXAgIBjeYeokTrzdGiSB++tOp2/4COW0GK+MflQ=
github.com/jamesvrooney/leitrim v1.0.4 h1:9P4DObghQLOAizJPxg57Rt9m0QT0NcVbSCsSl7Eaui4=
github.com/jamesvrooney/leitrim v1.0.4/go.mod h1:+3UybXAgIBjeYeokTrzdGiSB++tOp2/4COW0GK+MflQ=
github.com/jamesvrooney/leitrim v1.0.5 h1:20plOJpbP1uLEJWPADFtwr6T7hOca12UXXHH065WUKM=
github.com/jamesvrooney/leitrim v1.0.5/go.mod h1:+3UybXAgIBjeYeokTrzdGiSB++tOp2/4COW0GK+MflQ=
